
Microsoft Visual Studio Solution File, Format Version 12.00
# Visual Studio 15
VisualStudioVersion = 15.0.26730.16
MinimumVisualStudioVersion = 10.0.40219.1
Project("{FAE04EC0-301F-11D3-BF4B-00C04F79EFBC}") = "Monitors", "Monitors\Monitors.csproj", "{2C0605DB-21EE-47FB-80BD-3F074142110E}"
EndProject
Global
	GlobalSection(SolutionConfigurationPlatforms) = preSolution
		Debug|Any CPU = Debug|Any CPU
		Release|Any CPU = Release|Any CPU
	EndGlobalSection
	GlobalSection(ProjectConfigurationPlatforms) = postSolution
		{2C0605DB-21EE-47FB-80BD-3F074142110E}.Debug|Any CPU.ActiveCfg = Debug|Any CPU
		{2C0605DB-21EE-47FB-80BD-3F074142110E}.Debug|Any CPU.Build.0 = Debug|Any CPU
		{2C0605DB-21EE-47FB-80BD-3F074142110E}.Release|Any CPU.ActiveCfg = Release|Any CPU
		{2C0605DB-21EE-47FB-80BD-3F074142110E}.Release|Any CPU.Build.0 = Release|Any CPU
	EndGlobalSection
	GlobalSection(SolutionProperties) = preSolution
		HideSolutionNode = FALSE
	EndGlobalSection
	GlobalSection(ExtensibilityGlobals) = postSolution
		SolutionGuid = {D6807B03-AE12-4B85-A68A-AA7556966613}
	EndGlobalSection
EndGlobal
