
Microsoft Visual Studio Solution File, Format Version 12.00
# Visual Studio 15
VisualStudioVersion = 15.0.26730.16
MinimumVisualStudioVersion = 10.0.40219.1
Project("{FAE04EC0-301F-11D3-BF4B-00C04F79EFBC}") = "exercise4", "exercise4\exercise4.csproj", "{1FA5CEA5-E836-4F76-82E7-E7CD514114E6}"
EndProject
Global
	GlobalSection(SolutionConfigurationPlatforms) = preSolution
		Debug|Any CPU = Debug|Any CPU
		Release|Any CPU = Release|Any CPU
	EndGlobalSection
	GlobalSection(ProjectConfigurationPlatforms) = postSolution
		{1FA5CEA5-E836-4F76-82E7-E7CD514114E6}.Debug|Any CPU.ActiveCfg = Debug|Any CPU
		{1FA5CEA5-E836-4F76-82E7-E7CD514114E6}.Debug|Any CPU.Build.0 = Debug|Any CPU
		{1FA5CEA5-E836-4F76-82E7-E7CD514114E6}.Release|Any CPU.ActiveCfg = Release|Any CPU
		{1FA5CEA5-E836-4F76-82E7-E7CD514114E6}.Release|Any CPU.Build.0 = Release|Any CPU
	EndGlobalSection
	GlobalSection(SolutionProperties) = preSolution
		HideSolutionNode = FALSE
	EndGlobalSection
	GlobalSection(ExtensibilityGlobals) = postSolution
		SolutionGuid = {D34BC12F-F242-430D-BA3C-9CA73A373800}
	EndGlobalSection
EndGlobal
