
Microsoft Visual Studio Solution File, Format Version 12.00
# Visual Studio 15
VisualStudioVersion = 15.0.26730.12
MinimumVisualStudioVersion = 10.0.40219.1
Project("{FAE04EC0-301F-11D3-BF4B-00C04F79EFBC}") = "exec-06", "exec-06\exec-06.csproj", "{D0FE0C96-5469-4FFF-9379-26A88A47D089}"
EndProject
Global
	GlobalSection(SolutionConfigurationPlatforms) = preSolution
		Debug|Any CPU = Debug|Any CPU
		Release|Any CPU = Release|Any CPU
	EndGlobalSection
	GlobalSection(ProjectConfigurationPlatforms) = postSolution
		{D0FE0C96-5469-4FFF-9379-26A88A47D089}.Debug|Any CPU.ActiveCfg = Debug|Any CPU
		{D0FE0C96-5469-4FFF-9379-26A88A47D089}.Debug|Any CPU.Build.0 = Debug|Any CPU
		{D0FE0C96-5469-4FFF-9379-26A88A47D089}.Release|Any CPU.ActiveCfg = Release|Any CPU
		{D0FE0C96-5469-4FFF-9379-26A88A47D089}.Release|Any CPU.Build.0 = Release|Any CPU
	EndGlobalSection
	GlobalSection(SolutionProperties) = preSolution
		HideSolutionNode = FALSE
	EndGlobalSection
	GlobalSection(ExtensibilityGlobals) = postSolution
		SolutionGuid = {A16F17F8-BDA5-4216-B23D-8479DB8B44AB}
	EndGlobalSection
EndGlobal
