
Microsoft Visual Studio Solution File, Format Version 12.00
# Visual Studio 15
VisualStudioVersion = 15.0.26730.16
MinimumVisualStudioVersion = 10.0.40219.1
Project("{FAE04EC0-301F-11D3-BF4B-00C04F79EFBC}") = "exercise7", "exercise7\exercise7.csproj", "{657E5D29-FEF8-414C-AE91-F5D2F5784488}"
EndProject
Global
	GlobalSection(SolutionConfigurationPlatforms) = preSolution
		Debug|Any CPU = Debug|Any CPU
		Release|Any CPU = Release|Any CPU
	EndGlobalSection
	GlobalSection(ProjectConfigurationPlatforms) = postSolution
		{657E5D29-FEF8-414C-AE91-F5D2F5784488}.Debug|Any CPU.ActiveCfg = Debug|Any CPU
		{657E5D29-FEF8-414C-AE91-F5D2F5784488}.Debug|Any CPU.Build.0 = Debug|Any CPU
		{657E5D29-FEF8-414C-AE91-F5D2F5784488}.Release|Any CPU.ActiveCfg = Release|Any CPU
		{657E5D29-FEF8-414C-AE91-F5D2F5784488}.Release|Any CPU.Build.0 = Release|Any CPU
	EndGlobalSection
	GlobalSection(SolutionProperties) = preSolution
		HideSolutionNode = FALSE
	EndGlobalSection
	GlobalSection(ExtensibilityGlobals) = postSolution
		SolutionGuid = {1AF36E89-36AC-481A-95D3-094CC45EB9D3}
	EndGlobalSection
EndGlobal
