
Microsoft Visual Studio Solution File, Format Version 12.00
# Visual Studio 15
VisualStudioVersion = 15.0.26730.16
MinimumVisualStudioVersion = 10.0.40219.1
Project("{FAE04EC0-301F-11D3-BF4B-00C04F79EFBC}") = "PokerTDD", "PokerTDD\PokerTDD.csproj", "{492D2215-EC7B-4DF8-B512-2C878AF46472}"
EndProject
Project("{FAE04EC0-301F-11D3-BF4B-00C04F79EFBC}") = "PokerAppTest", "PokerAppTest\PokerAppTest.csproj", "{8D0D956A-C404-4798-B221-7EB6F6939648}"
EndProject
Global
	GlobalSection(SolutionConfigurationPlatforms) = preSolution
		Debug|Any CPU = Debug|Any CPU
		Release|Any CPU = Release|Any CPU
	EndGlobalSection
	GlobalSection(ProjectConfigurationPlatforms) = postSolution
		{492D2215-EC7B-4DF8-B512-2C878AF46472}.Debug|Any CPU.ActiveCfg = Debug|Any CPU
		{492D2215-EC7B-4DF8-B512-2C878AF46472}.Debug|Any CPU.Build.0 = Debug|Any CPU
		{492D2215-EC7B-4DF8-B512-2C878AF46472}.Release|Any CPU.ActiveCfg = Release|Any CPU
		{492D2215-EC7B-4DF8-B512-2C878AF46472}.Release|Any CPU.Build.0 = Release|Any CPU
		{8D0D956A-C404-4798-B221-7EB6F6939648}.Debug|Any CPU.ActiveCfg = Debug|Any CPU
		{8D0D956A-C404-4798-B221-7EB6F6939648}.Debug|Any CPU.Build.0 = Debug|Any CPU
		{8D0D956A-C404-4798-B221-7EB6F6939648}.Release|Any CPU.ActiveCfg = Release|Any CPU
		{8D0D956A-C404-4798-B221-7EB6F6939648}.Release|Any CPU.Build.0 = Release|Any CPU
	EndGlobalSection
	GlobalSection(SolutionProperties) = preSolution
		HideSolutionNode = FALSE
	EndGlobalSection
	GlobalSection(ExtensibilityGlobals) = postSolution
		SolutionGuid = {25256476-D6B4-4B7D-85C2-31009D1237E7}
	EndGlobalSection
EndGlobal
