
Microsoft Visual Studio Solution File, Format Version 12.00
# Visual Studio 15
VisualStudioVersion = 15.0.26730.16
MinimumVisualStudioVersion = 10.0.40219.1
Project("{FAE04EC0-301F-11D3-BF4B-00C04F79EFBC}") = "CowsAndBullsApp", "CowsAndBullsApp\CowsAndBullsApp.csproj", "{0A5585CE-9977-4F96-8901-EC04A0ED97C5}"
EndProject
Project("{FAE04EC0-301F-11D3-BF4B-00C04F79EFBC}") = "CowsAndBullsAppTest", "CowsAndBullsAppTest\CowsAndBullsAppTest.csproj", "{44B36D7F-0289-477B-8B60-8947A6D30CD9}"
EndProject
Global
	GlobalSection(SolutionConfigurationPlatforms) = preSolution
		Debug|Any CPU = Debug|Any CPU
		Release|Any CPU = Release|Any CPU
	EndGlobalSection
	GlobalSection(ProjectConfigurationPlatforms) = postSolution
		{0A5585CE-9977-4F96-8901-EC04A0ED97C5}.Debug|Any CPU.ActiveCfg = Debug|Any CPU
		{0A5585CE-9977-4F96-8901-EC04A0ED97C5}.Debug|Any CPU.Build.0 = Debug|Any CPU
		{0A5585CE-9977-4F96-8901-EC04A0ED97C5}.Release|Any CPU.ActiveCfg = Release|Any CPU
		{0A5585CE-9977-4F96-8901-EC04A0ED97C5}.Release|Any CPU.Build.0 = Release|Any CPU
		{44B36D7F-0289-477B-8B60-8947A6D30CD9}.Debug|Any CPU.ActiveCfg = Debug|Any CPU
		{44B36D7F-0289-477B-8B60-8947A6D30CD9}.Debug|Any CPU.Build.0 = Debug|Any CPU
		{44B36D7F-0289-477B-8B60-8947A6D30CD9}.Release|Any CPU.ActiveCfg = Release|Any CPU
		{44B36D7F-0289-477B-8B60-8947A6D30CD9}.Release|Any CPU.Build.0 = Release|Any CPU
	EndGlobalSection
	GlobalSection(SolutionProperties) = preSolution
		HideSolutionNode = FALSE
	EndGlobalSection
	GlobalSection(ExtensibilityGlobals) = postSolution
		SolutionGuid = {5203AB0A-1B84-4E15-B40A-E0C5016CCC30}
	EndGlobalSection
EndGlobal
