
Microsoft Visual Studio Solution File, Format Version 12.00
# Visual Studio 15
VisualStudioVersion = 15.0.26730.12
MinimumVisualStudioVersion = 10.0.40219.1
Project("{FAE04EC0-301F-11D3-BF4B-00C04F79EFBC}") = "Checkerboard", "Checkerboard\Checkerboard.csproj", "{EBD9CFC3-FCC1-49B3-9EE8-93F8EC0EC926}"
EndProject
Global
	GlobalSection(SolutionConfigurationPlatforms) = preSolution
		Debug|Any CPU = Debug|Any CPU
		Release|Any CPU = Release|Any CPU
	EndGlobalSection
	GlobalSection(ProjectConfigurationPlatforms) = postSolution
		{EBD9CFC3-FCC1-49B3-9EE8-93F8EC0EC926}.Debug|Any CPU.ActiveCfg = Debug|Any CPU
		{EBD9CFC3-FCC1-49B3-9EE8-93F8EC0EC926}.Debug|Any CPU.Build.0 = Debug|Any CPU
		{EBD9CFC3-FCC1-49B3-9EE8-93F8EC0EC926}.Release|Any CPU.ActiveCfg = Release|Any CPU
		{EBD9CFC3-FCC1-49B3-9EE8-93F8EC0EC926}.Release|Any CPU.Build.0 = Release|Any CPU
	EndGlobalSection
	GlobalSection(SolutionProperties) = preSolution
		HideSolutionNode = FALSE
	EndGlobalSection
	GlobalSection(ExtensibilityGlobals) = postSolution
		SolutionGuid = {94A1563D-320C-4CC3-964B-D3C8E698F126}
	EndGlobalSection
EndGlobal
