
Microsoft Visual Studio Solution File, Format Version 12.00
# Visual Studio 15
VisualStudioVersion = 15.0.27004.2006
MinimumVisualStudioVersion = 10.0.40219.1
Project("{FAE04EC0-301F-11D3-BF4B-00C04F79EFBC}") = "ProjectMeasurement", "ProjectMeasurement\ProjectMeasurement.csproj", "{313B1C83-050D-436E-8B78-C00C555B8D72}"
EndProject
Project("{FAE04EC0-301F-11D3-BF4B-00C04F79EFBC}") = "ProjectMeasurementTest", "ProjectMeasurementTest\ProjectMeasurementTest.csproj", "{7A3F1041-35D2-409A-92AB-EE42235C9231}"
EndProject
Global
	GlobalSection(SolutionConfigurationPlatforms) = preSolution
		Debug|Any CPU = Debug|Any CPU
		Release|Any CPU = Release|Any CPU
	EndGlobalSection
	GlobalSection(ProjectConfigurationPlatforms) = postSolution
		{313B1C83-050D-436E-8B78-C00C555B8D72}.Debug|Any CPU.ActiveCfg = Debug|Any CPU
		{313B1C83-050D-436E-8B78-C00C555B8D72}.Debug|Any CPU.Build.0 = Debug|Any CPU
		{313B1C83-050D-436E-8B78-C00C555B8D72}.Release|Any CPU.ActiveCfg = Release|Any CPU
		{313B1C83-050D-436E-8B78-C00C555B8D72}.Release|Any CPU.Build.0 = Release|Any CPU
		{7A3F1041-35D2-409A-92AB-EE42235C9231}.Debug|Any CPU.ActiveCfg = Debug|Any CPU
		{7A3F1041-35D2-409A-92AB-EE42235C9231}.Debug|Any CPU.Build.0 = Debug|Any CPU
		{7A3F1041-35D2-409A-92AB-EE42235C9231}.Release|Any CPU.ActiveCfg = Release|Any CPU
		{7A3F1041-35D2-409A-92AB-EE42235C9231}.Release|Any CPU.Build.0 = Release|Any CPU
	EndGlobalSection
	GlobalSection(SolutionProperties) = preSolution
		HideSolutionNode = FALSE
	EndGlobalSection
	GlobalSection(ExtensibilityGlobals) = postSolution
		SolutionGuid = {798FBFAC-7110-4556-9A88-66203F5073FD}
	EndGlobalSection
EndGlobal
