
Microsoft Visual Studio Solution File, Format Version 12.00
# Visual Studio 15
VisualStudioVersion = 15.0.26730.16
MinimumVisualStudioVersion = 10.0.40219.1
Project("{FAE04EC0-301F-11D3-BF4B-00C04F79EFBC}") = "CountLetters", "CountLetters\CountLetters.csproj", "{44012947-8C19-4960-B529-A36348D69FB4}"
EndProject
Project("{FAE04EC0-301F-11D3-BF4B-00C04F79EFBC}") = "CountLettersTest", "CountLettersTest\CountLettersTest.csproj", "{E9861D0D-53AC-468F-9BE5-0D7BB1974F80}"
EndProject
Global
	GlobalSection(SolutionConfigurationPlatforms) = preSolution
		Debug|Any CPU = Debug|Any CPU
		Release|Any CPU = Release|Any CPU
	EndGlobalSection
	GlobalSection(ProjectConfigurationPlatforms) = postSolution
		{44012947-8C19-4960-B529-A36348D69FB4}.Debug|Any CPU.ActiveCfg = Debug|Any CPU
		{44012947-8C19-4960-B529-A36348D69FB4}.Debug|Any CPU.Build.0 = Debug|Any CPU
		{44012947-8C19-4960-B529-A36348D69FB4}.Release|Any CPU.ActiveCfg = Release|Any CPU
		{44012947-8C19-4960-B529-A36348D69FB4}.Release|Any CPU.Build.0 = Release|Any CPU
		{E9861D0D-53AC-468F-9BE5-0D7BB1974F80}.Debug|Any CPU.ActiveCfg = Debug|Any CPU
		{E9861D0D-53AC-468F-9BE5-0D7BB1974F80}.Debug|Any CPU.Build.0 = Debug|Any CPU
		{E9861D0D-53AC-468F-9BE5-0D7BB1974F80}.Release|Any CPU.ActiveCfg = Release|Any CPU
		{E9861D0D-53AC-468F-9BE5-0D7BB1974F80}.Release|Any CPU.Build.0 = Release|Any CPU
	EndGlobalSection
	GlobalSection(SolutionProperties) = preSolution
		HideSolutionNode = FALSE
	EndGlobalSection
	GlobalSection(ExtensibilityGlobals) = postSolution
		SolutionGuid = {4DAB48F3-FADA-4046-B14B-35EF3D851BBD}
	EndGlobalSection
EndGlobal
