
Microsoft Visual Studio Solution File, Format Version 12.00
# Visual Studio 15
VisualStudioVersion = 15.0.26730.12
MinimumVisualStudioVersion = 10.0.40219.1
Project("{FAE04EC0-301F-11D3-BF4B-00C04F79EFBC}") = "CenteredSquare", "CenteredSquare\CenteredSquare.csproj", "{C52302EE-5D06-45C2-A1DA-7C9DBC65569C}"
EndProject
Global
	GlobalSection(SolutionConfigurationPlatforms) = preSolution
		Debug|Any CPU = Debug|Any CPU
		Release|Any CPU = Release|Any CPU
	EndGlobalSection
	GlobalSection(ProjectConfigurationPlatforms) = postSolution
		{C52302EE-5D06-45C2-A1DA-7C9DBC65569C}.Debug|Any CPU.ActiveCfg = Debug|Any CPU
		{C52302EE-5D06-45C2-A1DA-7C9DBC65569C}.Debug|Any CPU.Build.0 = Debug|Any CPU
		{C52302EE-5D06-45C2-A1DA-7C9DBC65569C}.Release|Any CPU.ActiveCfg = Release|Any CPU
		{C52302EE-5D06-45C2-A1DA-7C9DBC65569C}.Release|Any CPU.Build.0 = Release|Any CPU
	EndGlobalSection
	GlobalSection(SolutionProperties) = preSolution
		HideSolutionNode = FALSE
	EndGlobalSection
	GlobalSection(ExtensibilityGlobals) = postSolution
		SolutionGuid = {0EAABA73-6E8C-4D55-85EA-CF4AAF686C67}
	EndGlobalSection
EndGlobal
