
Microsoft Visual Studio Solution File, Format Version 12.00
# Visual Studio 15
VisualStudioVersion = 15.0.26730.12
MinimumVisualStudioVersion = 10.0.40219.1
Project("{FAE04EC0-301F-11D3-BF4B-00C04F79EFBC}") = "exec06", "exec06\exec06.csproj", "{309D4032-7F76-4358-8242-A9597B221269}"
EndProject
Global
	GlobalSection(SolutionConfigurationPlatforms) = preSolution
		Debug|ARM = Debug|ARM
		Debug|x64 = Debug|x64
		Debug|x86 = Debug|x86
		Release|ARM = Release|ARM
		Release|x64 = Release|x64
		Release|x86 = Release|x86
	EndGlobalSection
	GlobalSection(ProjectConfigurationPlatforms) = postSolution
		{309D4032-7F76-4358-8242-A9597B221269}.Debug|ARM.ActiveCfg = Debug|ARM
		{309D4032-7F76-4358-8242-A9597B221269}.Debug|ARM.Build.0 = Debug|ARM
		{309D4032-7F76-4358-8242-A9597B221269}.Debug|ARM.Deploy.0 = Debug|ARM
		{309D4032-7F76-4358-8242-A9597B221269}.Debug|x64.ActiveCfg = Debug|x64
		{309D4032-7F76-4358-8242-A9597B221269}.Debug|x64.Build.0 = Debug|x64
		{309D4032-7F76-4358-8242-A9597B221269}.Debug|x64.Deploy.0 = Debug|x64
		{309D4032-7F76-4358-8242-A9597B221269}.Debug|x86.ActiveCfg = Debug|x86
		{309D4032-7F76-4358-8242-A9597B221269}.Debug|x86.Build.0 = Debug|x86
		{309D4032-7F76-4358-8242-A9597B221269}.Debug|x86.Deploy.0 = Debug|x86
		{309D4032-7F76-4358-8242-A9597B221269}.Release|ARM.ActiveCfg = Release|ARM
		{309D4032-7F76-4358-8242-A9597B221269}.Release|ARM.Build.0 = Release|ARM
		{309D4032-7F76-4358-8242-A9597B221269}.Release|ARM.Deploy.0 = Release|ARM
		{309D4032-7F76-4358-8242-A9597B221269}.Release|x64.ActiveCfg = Release|x64
		{309D4032-7F76-4358-8242-A9597B221269}.Release|x64.Build.0 = Release|x64
		{309D4032-7F76-4358-8242-A9597B221269}.Release|x64.Deploy.0 = Release|x64
		{309D4032-7F76-4358-8242-A9597B221269}.Release|x86.ActiveCfg = Release|x86
		{309D4032-7F76-4358-8242-A9597B221269}.Release|x86.Build.0 = Release|x86
		{309D4032-7F76-4358-8242-A9597B221269}.Release|x86.Deploy.0 = Release|x86
	EndGlobalSection
	GlobalSection(SolutionProperties) = preSolution
		HideSolutionNode = FALSE
	EndGlobalSection
	GlobalSection(ExtensibilityGlobals) = postSolution
		SolutionGuid = {35CCA852-7510-42AC-8A77-2E37979924C8}
	EndGlobalSection
EndGlobal
