
Microsoft Visual Studio Solution File, Format Version 12.00
# Visual Studio 15
VisualStudioVersion = 15.0.26730.12
MinimumVisualStudioVersion = 10.0.40219.1
Project("{FAE04EC0-301F-11D3-BF4B-00C04F79EFBC}") = "Sharpie", "Sharpie\Sharpie.csproj", "{3E71271B-C6C1-47B2-AE32-98C1FABDDB18}"
EndProject
Global
	GlobalSection(SolutionConfigurationPlatforms) = preSolution
		Debug|Any CPU = Debug|Any CPU
		Release|Any CPU = Release|Any CPU
	EndGlobalSection
	GlobalSection(ProjectConfigurationPlatforms) = postSolution
		{3E71271B-C6C1-47B2-AE32-98C1FABDDB18}.Debug|Any CPU.ActiveCfg = Debug|Any CPU
		{3E71271B-C6C1-47B2-AE32-98C1FABDDB18}.Debug|Any CPU.Build.0 = Debug|Any CPU
		{3E71271B-C6C1-47B2-AE32-98C1FABDDB18}.Release|Any CPU.ActiveCfg = Release|Any CPU
		{3E71271B-C6C1-47B2-AE32-98C1FABDDB18}.Release|Any CPU.Build.0 = Release|Any CPU
	EndGlobalSection
	GlobalSection(SolutionProperties) = preSolution
		HideSolutionNode = FALSE
	EndGlobalSection
	GlobalSection(ExtensibilityGlobals) = postSolution
		SolutionGuid = {51139E47-C6FC-476B-91EF-88CABCDC77D6}
	EndGlobalSection
EndGlobal
