
Microsoft Visual Studio Solution File, Format Version 12.00
# Visual Studio 15
VisualStudioVersion = 15.0.27004.2006
MinimumVisualStudioVersion = 10.0.40219.1
Project("{FAE04EC0-301F-11D3-BF4B-00C04F79EFBC}") = "ToDoWebApp", "ToDoWebApp\ToDoWebApp.csproj", "{7D28B5B7-97E5-4107-95E1-85D4FE3B0DB2}"
EndProject
Project("{FAE04EC0-301F-11D3-BF4B-00C04F79EFBC}") = "IntegrationTests", "IntegrationTests\IntegrationTests.csproj", "{56534DF0-F1BB-4732-9FDF-C58C6BDE2D3F}"
EndProject
Global
	GlobalSection(SolutionConfigurationPlatforms) = preSolution
		Debug|Any CPU = Debug|Any CPU
		Release|Any CPU = Release|Any CPU
	EndGlobalSection
	GlobalSection(ProjectConfigurationPlatforms) = postSolution
		{7D28B5B7-97E5-4107-95E1-85D4FE3B0DB2}.Debug|Any CPU.ActiveCfg = Debug|Any CPU
		{7D28B5B7-97E5-4107-95E1-85D4FE3B0DB2}.Debug|Any CPU.Build.0 = Debug|Any CPU
		{7D28B5B7-97E5-4107-95E1-85D4FE3B0DB2}.Release|Any CPU.ActiveCfg = Release|Any CPU
		{7D28B5B7-97E5-4107-95E1-85D4FE3B0DB2}.Release|Any CPU.Build.0 = Release|Any CPU
		{56534DF0-F1BB-4732-9FDF-C58C6BDE2D3F}.Debug|Any CPU.ActiveCfg = Debug|Any CPU
		{56534DF0-F1BB-4732-9FDF-C58C6BDE2D3F}.Debug|Any CPU.Build.0 = Debug|Any CPU
		{56534DF0-F1BB-4732-9FDF-C58C6BDE2D3F}.Release|Any CPU.ActiveCfg = Release|Any CPU
		{56534DF0-F1BB-4732-9FDF-C58C6BDE2D3F}.Release|Any CPU.Build.0 = Release|Any CPU
	EndGlobalSection
	GlobalSection(SolutionProperties) = preSolution
		HideSolutionNode = FALSE
	EndGlobalSection
	GlobalSection(ExtensibilityGlobals) = postSolution
		SolutionGuid = {27F34FC6-7238-48B2-979E-5EC8F7222206}
	EndGlobalSection
EndGlobal
