
Microsoft Visual Studio Solution File, Format Version 12.00
# Visual Studio 15
VisualStudioVersion = 15.0.26730.16
MinimumVisualStudioVersion = 10.0.40219.1
Project("{FAE04EC0-301F-11D3-BF4B-00C04F79EFBC}") = "GreetSomeone", "GreetSomeone\GreetSomeone.csproj", "{FDF03EAB-9EE8-40A8-BAEF-2725F3F01B85}"
EndProject
Global
	GlobalSection(SolutionConfigurationPlatforms) = preSolution
		Debug|Any CPU = Debug|Any CPU
		Release|Any CPU = Release|Any CPU
	EndGlobalSection
	GlobalSection(ProjectConfigurationPlatforms) = postSolution
		{FDF03EAB-9EE8-40A8-BAEF-2725F3F01B85}.Debug|Any CPU.ActiveCfg = Debug|Any CPU
		{FDF03EAB-9EE8-40A8-BAEF-2725F3F01B85}.Debug|Any CPU.Build.0 = Debug|Any CPU
		{FDF03EAB-9EE8-40A8-BAEF-2725F3F01B85}.Release|Any CPU.ActiveCfg = Release|Any CPU
		{FDF03EAB-9EE8-40A8-BAEF-2725F3F01B85}.Release|Any CPU.Build.0 = Release|Any CPU
	EndGlobalSection
	GlobalSection(SolutionProperties) = preSolution
		HideSolutionNode = FALSE
	EndGlobalSection
	GlobalSection(ExtensibilityGlobals) = postSolution
		SolutionGuid = {30157F6F-8356-4CA6-8F3F-A5093AF0D69D}
	EndGlobalSection
EndGlobal
